
Microsoft Visual Studio Solution File, Format Version 12.00
# Visual Studio Version 17
VisualStudioVersion = 17.4.33122.133
MinimumVisualStudioVersion = 10.0.40219.1
Project("{FAE04EC0-301F-11D3-BF4B-00C04F79EFBC}") = "BookStoreAPI", "BookStoreAPI\BookStoreAPI.csproj", "{125445BB-56A3-40DE-B4F4-E090864EA2AA}"
EndProject
Project("{FAE04EC0-301F-11D3-BF4B-00C04F79EFBC}") = "BookStoreCore", "BookStoreCore\BookStoreCore.csproj", "{169DF1AA-E321-43A1-9402-1DE7602A4B1E}"
EndProject
Project("{FAE04EC0-301F-11D3-BF4B-00C04F79EFBC}") = "BookStoreInfrastructure", "BookStoreInfrastructure\BookStoreInfrastructure.csproj", "{A8836706-110D-403F-A5C5-BF5A8CD94239}"
EndProject
Global
	GlobalSection(SolutionConfigurationPlatforms) = preSolution
		Debug|Any CPU = Debug|Any CPU
		Release|Any CPU = Release|Any CPU
	EndGlobalSection
	GlobalSection(ProjectConfigurationPlatforms) = postSolution
		{125445BB-56A3-40DE-B4F4-E090864EA2AA}.Debug|Any CPU.ActiveCfg = Debug|Any CPU
		{125445BB-56A3-40DE-B4F4-E090864EA2AA}.Debug|Any CPU.Build.0 = Debug|Any CPU
		{125445BB-56A3-40DE-B4F4-E090864EA2AA}.Release|Any CPU.ActiveCfg = Release|Any CPU
		{125445BB-56A3-40DE-B4F4-E090864EA2AA}.Release|Any CPU.Build.0 = Release|Any CPU
		{169DF1AA-E321-43A1-9402-1DE7602A4B1E}.Debug|Any CPU.ActiveCfg = Debug|Any CPU
		{169DF1AA-E321-43A1-9402-1DE7602A4B1E}.Debug|Any CPU.Build.0 = Debug|Any CPU
		{169DF1AA-E321-43A1-9402-1DE7602A4B1E}.Release|Any CPU.ActiveCfg = Release|Any CPU
		{169DF1AA-E321-43A1-9402-1DE7602A4B1E}.Release|Any CPU.Build.0 = Release|Any CPU
		{A8836706-110D-403F-A5C5-BF5A8CD94239}.Debug|Any CPU.ActiveCfg = Debug|Any CPU
		{A8836706-110D-403F-A5C5-BF5A8CD94239}.Debug|Any CPU.Build.0 = Debug|Any CPU
		{A8836706-110D-403F-A5C5-BF5A8CD94239}.Release|Any CPU.ActiveCfg = Release|Any CPU
		{A8836706-110D-403F-A5C5-BF5A8CD94239}.Release|Any CPU.Build.0 = Release|Any CPU
	EndGlobalSection
	GlobalSection(SolutionProperties) = preSolution
		HideSolutionNode = FALSE
	EndGlobalSection
	GlobalSection(ExtensibilityGlobals) = postSolution
		SolutionGuid = {9335A579-93B4-4711-9584-683CD6BC366D}
	EndGlobalSection
EndGlobal
